
Microsoft Visual Studio Solution File, Format Version 12.00
# Visual Studio Version 17
VisualStudioVersion = 17.8.34511.84
MinimumVisualStudioVersion = 10.0.40219.1
Project("{FAE04EC0-301F-11D3-BF4B-00C04F79EFBC}") = "LABA2TEST", "LABA2TEST\LABA2TEST.csproj", "{AFDE066F-B9F8-4721-AB3D-66C8713444C1}"
EndProject
Global
	GlobalSection(SolutionConfigurationPlatforms) = preSolution
		Debug|Any CPU = Debug|Any CPU
		Release|Any CPU = Release|Any CPU
	EndGlobalSection
	GlobalSection(ProjectConfigurationPlatforms) = postSolution
		{AFDE066F-B9F8-4721-AB3D-66C8713444C1}.Debug|Any CPU.ActiveCfg = Debug|Any CPU
		{AFDE066F-B9F8-4721-AB3D-66C8713444C1}.Debug|Any CPU.Build.0 = Debug|Any CPU
		{AFDE066F-B9F8-4721-AB3D-66C8713444C1}.Release|Any CPU.ActiveCfg = Release|Any CPU
		{AFDE066F-B9F8-4721-AB3D-66C8713444C1}.Release|Any CPU.Build.0 = Release|Any CPU
	EndGlobalSection
	GlobalSection(SolutionProperties) = preSolution
		HideSolutionNode = FALSE
	EndGlobalSection
	GlobalSection(ExtensibilityGlobals) = postSolution
		SolutionGuid = {C8724FB5-8FA6-4260-BF56-3BDBC852EA36}
	EndGlobalSection
EndGlobal
